
Microsoft Visual Studio Solution File, Format Version 12.00
# Visual Studio Version 16
VisualStudioVersion = 16.0.28729.10
MinimumVisualStudioVersion = 10.0.40219.1
Project("{FAE04EC0-301F-11D3-BF4B-00C04F79EFBC}") = "GlazeBuilder", "GlazeBuilder\GlazeBuilder.csproj", "{57AA7037-7F53-48B2-A20D-33EF4D308C54}"
EndProject
Project("{2150E333-8FDC-42A3-9474-1A3956D46DE8}") = "Solution Items", "Solution Items", "{62B0338B-B876-4516-8DEE-C36585704433}"
	ProjectSection(SolutionItems) = preProject
		GlazeBuilder\CompoundMolecules.json = GlazeBuilder\CompoundMolecules.json
		GlazeBuilder\GeneratedGlazes.json = GlazeBuilder\GeneratedGlazes.json
		GlazeBuilder\KnownGlazes.json = GlazeBuilder\KnownGlazes.json
		GlazeBuilder\MaterialsFeldspars.json = GlazeBuilder\MaterialsFeldspars.json
		GlazeBuilder\MaterialsFrits.json = GlazeBuilder\MaterialsFrits.json
		GlazeBuilder\MaterialsRawChemicals.json = GlazeBuilder\MaterialsRawChemicals.json
		GlazeBuilder\PeriodicTableElements.json = GlazeBuilder\PeriodicTableElements.json
		GlazeBuilder\PyrometricCones.json = GlazeBuilder\PyrometricCones.json
		GlazeBuilder\SimpleMolecules.json = GlazeBuilder\SimpleMolecules.json
		GlazeBuilder\UMFLimits.json = GlazeBuilder\UMFLimits.json
	EndProjectSection
EndProject
Global
	GlobalSection(SolutionConfigurationPlatforms) = preSolution
		Debug|Any CPU = Debug|Any CPU
		Debug|x64 = Debug|x64
		Debug|x86 = Debug|x86
		Release|Any CPU = Release|Any CPU
		Release|x64 = Release|x64
		Release|x86 = Release|x86
	EndGlobalSection
	GlobalSection(ProjectConfigurationPlatforms) = postSolution
		{57AA7037-7F53-48B2-A20D-33EF4D308C54}.Debug|Any CPU.ActiveCfg = Debug|Any CPU
		{57AA7037-7F53-48B2-A20D-33EF4D308C54}.Debug|Any CPU.Build.0 = Debug|Any CPU
		{57AA7037-7F53-48B2-A20D-33EF4D308C54}.Debug|x64.ActiveCfg = Debug|x64
		{57AA7037-7F53-48B2-A20D-33EF4D308C54}.Debug|x64.Build.0 = Debug|x64
		{57AA7037-7F53-48B2-A20D-33EF4D308C54}.Debug|x86.ActiveCfg = Debug|x86
		{57AA7037-7F53-48B2-A20D-33EF4D308C54}.Debug|x86.Build.0 = Debug|x86
		{57AA7037-7F53-48B2-A20D-33EF4D308C54}.Release|Any CPU.ActiveCfg = Release|Any CPU
		{57AA7037-7F53-48B2-A20D-33EF4D308C54}.Release|Any CPU.Build.0 = Release|Any CPU
		{57AA7037-7F53-48B2-A20D-33EF4D308C54}.Release|x64.ActiveCfg = Release|x64
		{57AA7037-7F53-48B2-A20D-33EF4D308C54}.Release|x64.Build.0 = Release|x64
		{57AA7037-7F53-48B2-A20D-33EF4D308C54}.Release|x86.ActiveCfg = Release|x86
		{57AA7037-7F53-48B2-A20D-33EF4D308C54}.Release|x86.Build.0 = Release|x86
	EndGlobalSection
	GlobalSection(SolutionProperties) = preSolution
		HideSolutionNode = FALSE
	EndGlobalSection
	GlobalSection(ExtensibilityGlobals) = postSolution
		SolutionGuid = {DC263E22-51FF-42A2-9F11-C48A4BA6AF62}
	EndGlobalSection
EndGlobal
